
Microsoft Visual Studio Solution File, Format Version 12.00
# Visual Studio Version 16
VisualStudioVersion = 16.0.29411.138
MinimumVisualStudioVersion = 10.0.40219.1
Project("{9A19103F-16F7-4668-BE54-9A1E7A4F7556}") = "HospitalDatabase", "HospitalDatabase\HospitalDatabase.csproj", "{84F17F29-4B57-4F2B-A7C5-2279BF6F8042}"
EndProject
Project("{FAE04EC0-301F-11D3-BF4B-00C04F79EFBC}") = "P03_SalesDatabase", "P03_SalesDatabase\P03_SalesDatabase.csproj", "{ACAF432A-102D-4AA0-A935-4E20362DFA32}"
EndProject
Global
	GlobalSection(SolutionConfigurationPlatforms) = preSolution
		Debug|Any CPU = Debug|Any CPU
		Release|Any CPU = Release|Any CPU
	EndGlobalSection
	GlobalSection(ProjectConfigurationPlatforms) = postSolution
		{84F17F29-4B57-4F2B-A7C5-2279BF6F8042}.Debug|Any CPU.ActiveCfg = Debug|Any CPU
		{84F17F29-4B57-4F2B-A7C5-2279BF6F8042}.Debug|Any CPU.Build.0 = Debug|Any CPU
		{84F17F29-4B57-4F2B-A7C5-2279BF6F8042}.Release|Any CPU.ActiveCfg = Release|Any CPU
		{84F17F29-4B57-4F2B-A7C5-2279BF6F8042}.Release|Any CPU.Build.0 = Release|Any CPU
		{ACAF432A-102D-4AA0-A935-4E20362DFA32}.Debug|Any CPU.ActiveCfg = Debug|Any CPU
		{ACAF432A-102D-4AA0-A935-4E20362DFA32}.Debug|Any CPU.Build.0 = Debug|Any CPU
		{ACAF432A-102D-4AA0-A935-4E20362DFA32}.Release|Any CPU.ActiveCfg = Release|Any CPU
		{ACAF432A-102D-4AA0-A935-4E20362DFA32}.Release|Any CPU.Build.0 = Release|Any CPU
	EndGlobalSection
	GlobalSection(SolutionProperties) = preSolution
		HideSolutionNode = FALSE
	EndGlobalSection
	GlobalSection(ExtensibilityGlobals) = postSolution
		SolutionGuid = {51BD1E37-9F28-466C-B615-06EAFCEC279F}
	EndGlobalSection
EndGlobal
